
Microsoft Visual Studio Solution File, Format Version 12.00
# Visual Studio Version 17
VisualStudioVersion = 17.13.35806.99 d17.13
MinimumVisualStudioVersion = 10.0.40219.1
Project("{FAE04EC0-301F-11D3-BF4B-00C04F79EFBC}") = "IgnoreSsl", "IgnoreSsl.csproj", "{0284EA4C-3BF6-4041-AF1E-12AA78A71917}"
EndProject
Global
	GlobalSection(SolutionConfigurationPlatforms) = preSolution
		Debug|Any CPU = Debug|Any CPU
		Release|Any CPU = Release|Any CPU
	EndGlobalSection
	GlobalSection(ProjectConfigurationPlatforms) = postSolution
		{0284EA4C-3BF6-4041-AF1E-12AA78A71917}.Debug|Any CPU.ActiveCfg = Debug|Any CPU
		{0284EA4C-3BF6-4041-AF1E-12AA78A71917}.Debug|Any CPU.Build.0 = Debug|Any CPU
		{0284EA4C-3BF6-4041-AF1E-12AA78A71917}.Release|Any CPU.ActiveCfg = Release|Any CPU
		{0284EA4C-3BF6-4041-AF1E-12AA78A71917}.Release|Any CPU.Build.0 = Release|Any CPU
	EndGlobalSection
	GlobalSection(SolutionProperties) = preSolution
		HideSolutionNode = FALSE
	EndGlobalSection
	GlobalSection(ExtensibilityGlobals) = postSolution
		SolutionGuid = {C17E31C0-23FE-49B6-B33C-70020DF3891B}
	EndGlobalSection
EndGlobal
