Microsoft Visual Studio Solution File, Format Version 10.00
# Visual Studio 2008
Project("{8BC9CEB8-8B4A-11D0-8D11-00A0C91BC942}") = "Automation", "Automation.vcproj", "{056773AA-3279-4BA8-84C0-7976C1386BB8}"
EndProject
Global
	GlobalSection(SolutionConfigurationPlatforms) = preSolution
		Debug|Win32 = Debug|Win32
		Release|Win32 = Release|Win32
	EndGlobalSection
	GlobalSection(ProjectConfigurationPlatforms) = postSolution
		{056773AA-3279-4BA8-84C0-7976C1386BB8}.Debug|Win32.ActiveCfg = Debug|Win32
		{056773AA-3279-4BA8-84C0-7976C1386BB8}.Debug|Win32.Build.0 = Debug|Win32
		{056773AA-3279-4BA8-84C0-7976C1386BB8}.Release|Win32.ActiveCfg = Release|Win32
		{056773AA-3279-4BA8-84C0-7976C1386BB8}.Release|Win32.Build.0 = Release|Win32
	EndGlobalSection
	GlobalSection(SolutionProperties) = preSolution
		HideSolutionNode = FALSE
	EndGlobalSection
EndGlobal
