
Microsoft Visual Studio Solution File, Format Version 12.00
# Visual Studio Version 17
VisualStudioVersion = 17.0.32112.339
MinimumVisualStudioVersion = 10.0.40219.1
Project("{FAE04EC0-301F-11D3-BF4B-00C04F79EFBC}") = "RemoveNodeFromXml", "RemoveNodeFromXml\RemoveNodeFromXml.csproj", "{AA66F557-FA8A-435B-AF3C-3326EC9EBE5C}"
EndProject
Global
	GlobalSection(SolutionConfigurationPlatforms) = preSolution
		Debug|Any CPU = Debug|Any CPU
		Release|Any CPU = Release|Any CPU
	EndGlobalSection
	GlobalSection(ProjectConfigurationPlatforms) = postSolution
		{AA66F557-FA8A-435B-AF3C-3326EC9EBE5C}.Debug|Any CPU.ActiveCfg = Debug|Any CPU
		{AA66F557-FA8A-435B-AF3C-3326EC9EBE5C}.Debug|Any CPU.Build.0 = Debug|Any CPU
		{AA66F557-FA8A-435B-AF3C-3326EC9EBE5C}.Release|Any CPU.ActiveCfg = Release|Any CPU
		{AA66F557-FA8A-435B-AF3C-3326EC9EBE5C}.Release|Any CPU.Build.0 = Release|Any CPU
	EndGlobalSection
	GlobalSection(SolutionProperties) = preSolution
		HideSolutionNode = FALSE
	EndGlobalSection
	GlobalSection(ExtensibilityGlobals) = postSolution
		SolutionGuid = {CD6C1D84-6826-4F08-9E7C-DABB1E7EB089}
	EndGlobalSection
EndGlobal
